// !$*UTF8*$!
{
	archiveVersion = 1;
	classes = {
	};
	objectVersion = 56;
	objects = {

/* Begin PBXBuildFile section */
		AA000001001 /* JTFNewsApp.swift in Sources */ = {isa = PBXBuildFile; fileRef = AA000002001; };
		AA000001002 /* ContentView.swift in Sources */ = {isa = PBXBuildFile; fileRef = AA000002002; };
		AA000001003 /* StoriesView.swift in Sources */ = {isa = PBXBuildFile; fileRef = AA000002003; };
		AA000001004 /* DigestView.swift in Sources */ = {isa = PBXBuildFile; fileRef = AA000002004; };
		AA000001005 /* ArchiveView.swift in Sources */ = {isa = PBXBuildFile; fileRef = AA000002005; };
		AA000001006 /* Story.swift in Sources */ = {isa = PBXBuildFile; fileRef = AA000002006; };
		AA000001007 /* Source.swift in Sources */ = {isa = PBXBuildFile; fileRef = AA000002007; };
		AA000001008 /* Correction.swift in Sources */ = {isa = PBXBuildFile; fileRef = AA000002008; };
		AA000001009 /* Channel.swift in Sources */ = {isa = PBXBuildFile; fileRef = AA000002009; };
		AA000001010 /* ArchivedDay.swift in Sources */ = {isa = PBXBuildFile; fileRef = AA000002010; };
		AA000001011 /* Assets.xcassets in Resources */ = {isa = PBXBuildFile; fileRef = AA000002011; };
		AA000001012 /* DataService.swift in Sources */ = {isa = PBXBuildFile; fileRef = AA000002012; };
		AA000001013 /* FeedService.swift in Sources */ = {isa = PBXBuildFile; fileRef = AA000002013; };
		AA000001014 /* StoryCard.swift in Sources */ = {isa = PBXBuildFile; fileRef = AA000002014; };
		AA000001015 /* PodcastService.swift in Sources */ = {isa = PBXBuildFile; fileRef = AA000002015; };
		AA000001016 /* YouTubePlayerView.swift in Sources */ = {isa = PBXBuildFile; fileRef = AA000002016; };
		AA000001017 /* AudioPlayerView.swift in Sources */ = {isa = PBXBuildFile; fileRef = AA000002017; };
		AA000001018 /* AudioManager.swift in Sources */ = {isa = PBXBuildFile; fileRef = AA000002018; };
		AA000001019 /* MiniPlayerView.swift in Sources */ = {isa = PBXBuildFile; fileRef = AA000002019; };
		AA000001020 /* ArchiveService.swift in Sources */ = {isa = PBXBuildFile; fileRef = AA000002020; };
		AA000001021 /* ArchivedDayView.swift in Sources */ = {isa = PBXBuildFile; fileRef = AA000002021; };
		AA000001022 /* GzipUtility.swift in Sources */ = {isa = PBXBuildFile; fileRef = AA000002022; };
		AA000001023 /* SearchIndexer.swift in Sources */ = {isa = PBXBuildFile; fileRef = AA000002023; };
		AA000001024 /* ArchiveSearchView.swift in Sources */ = {isa = PBXBuildFile; fileRef = AA000002024; };
		AA000001025 /* SettingsView.swift in Sources */ = {isa = PBXBuildFile; fileRef = AA000002025; };
		AA000001026 /* SourceDetailView.swift in Sources */ = {isa = PBXBuildFile; fileRef = AA000002026; };
		AA000001027 /* BackgroundRefreshManager.swift in Sources */ = {isa = PBXBuildFile; fileRef = AA000002027; };
		AA000001028 /* NotificationManager.swift in Sources */ = {isa = PBXBuildFile; fileRef = AA000002028; };
		AA000001029 /* ConnectivityManager.swift in Sources */ = {isa = PBXBuildFile; fileRef = AA000002029; };
		AA000001030 /* PrivacyPolicyView.swift in Sources */ = {isa = PBXBuildFile; fileRef = AA000002030; };
		AA000001031 /* WatchedTermsView.swift in Sources */ = {isa = PBXBuildFile; fileRef = AA000002031; };
/* End PBXBuildFile section */

/* Begin PBXFileReference section */
		AA000002001 /* JTFNewsApp.swift */ = {isa = PBXFileReference; lastKnownFileType = sourcecode.swift; path = JTFNewsApp.swift; sourceTree = "<group>"; };
		AA000002002 /* ContentView.swift */ = {isa = PBXFileReference; lastKnownFileType = sourcecode.swift; path = ContentView.swift; sourceTree = "<group>"; };
		AA000002003 /* StoriesView.swift */ = {isa = PBXFileReference; lastKnownFileType = sourcecode.swift; path = StoriesView.swift; sourceTree = "<group>"; };
		AA000002004 /* DigestView.swift */ = {isa = PBXFileReference; lastKnownFileType = sourcecode.swift; path = DigestView.swift; sourceTree = "<group>"; };
		AA000002005 /* ArchiveView.swift */ = {isa = PBXFileReference; lastKnownFileType = sourcecode.swift; path = ArchiveView.swift; sourceTree = "<group>"; };
		AA000002006 /* Story.swift */ = {isa = PBXFileReference; lastKnownFileType = sourcecode.swift; path = Story.swift; sourceTree = "<group>"; };
		AA000002007 /* Source.swift */ = {isa = PBXFileReference; lastKnownFileType = sourcecode.swift; path = Source.swift; sourceTree = "<group>"; };
		AA000002008 /* Correction.swift */ = {isa = PBXFileReference; lastKnownFileType = sourcecode.swift; path = Correction.swift; sourceTree = "<group>"; };
		AA000002009 /* Channel.swift */ = {isa = PBXFileReference; lastKnownFileType = sourcecode.swift; path = Channel.swift; sourceTree = "<group>"; };
		AA000002010 /* ArchivedDay.swift */ = {isa = PBXFileReference; lastKnownFileType = sourcecode.swift; path = ArchivedDay.swift; sourceTree = "<group>"; };
		AA000002011 /* Assets.xcassets */ = {isa = PBXFileReference; lastKnownFileType = folder.assetcatalog; path = Assets.xcassets; sourceTree = "<group>"; };
		AA000002012 /* DataService.swift */ = {isa = PBXFileReference; lastKnownFileType = sourcecode.swift; path = DataService.swift; sourceTree = "<group>"; };
		AA000002013 /* FeedService.swift */ = {isa = PBXFileReference; lastKnownFileType = sourcecode.swift; path = FeedService.swift; sourceTree = "<group>"; };
		AA000002014 /* StoryCard.swift */ = {isa = PBXFileReference; lastKnownFileType = sourcecode.swift; path = StoryCard.swift; sourceTree = "<group>"; };
		AA000002015 /* PodcastService.swift */ = {isa = PBXFileReference; lastKnownFileType = sourcecode.swift; path = PodcastService.swift; sourceTree = "<group>"; };
		AA000002016 /* YouTubePlayerView.swift */ = {isa = PBXFileReference; lastKnownFileType = sourcecode.swift; path = YouTubePlayerView.swift; sourceTree = "<group>"; };
		AA000002017 /* AudioPlayerView.swift */ = {isa = PBXFileReference; lastKnownFileType = sourcecode.swift; path = AudioPlayerView.swift; sourceTree = "<group>"; };
		AA000002018 /* AudioManager.swift */ = {isa = PBXFileReference; lastKnownFileType = sourcecode.swift; path = AudioManager.swift; sourceTree = "<group>"; };
		AA000002019 /* MiniPlayerView.swift */ = {isa = PBXFileReference; lastKnownFileType = sourcecode.swift; path = MiniPlayerView.swift; sourceTree = "<group>"; };
		AA000002020 /* ArchiveService.swift */ = {isa = PBXFileReference; lastKnownFileType = sourcecode.swift; path = ArchiveService.swift; sourceTree = "<group>"; };
		AA000002021 /* ArchivedDayView.swift */ = {isa = PBXFileReference; lastKnownFileType = sourcecode.swift; path = ArchivedDayView.swift; sourceTree = "<group>"; };
		AA000002022 /* GzipUtility.swift */ = {isa = PBXFileReference; lastKnownFileType = sourcecode.swift; path = GzipUtility.swift; sourceTree = "<group>"; };
		AA000002023 /* SearchIndexer.swift */ = {isa = PBXFileReference; lastKnownFileType = sourcecode.swift; path = SearchIndexer.swift; sourceTree = "<group>"; };
		AA000002024 /* ArchiveSearchView.swift */ = {isa = PBXFileReference; lastKnownFileType = sourcecode.swift; path = ArchiveSearchView.swift; sourceTree = "<group>"; };
		AA000002025 /* SettingsView.swift */ = {isa = PBXFileReference; lastKnownFileType = sourcecode.swift; path = SettingsView.swift; sourceTree = "<group>"; };
		AA000002026 /* SourceDetailView.swift */ = {isa = PBXFileReference; lastKnownFileType = sourcecode.swift; path = SourceDetailView.swift; sourceTree = "<group>"; };
		AA000002027 /* BackgroundRefreshManager.swift */ = {isa = PBXFileReference; lastKnownFileType = sourcecode.swift; path = BackgroundRefreshManager.swift; sourceTree = "<group>"; };
		AA000002028 /* NotificationManager.swift */ = {isa = PBXFileReference; lastKnownFileType = sourcecode.swift; path = NotificationManager.swift; sourceTree = "<group>"; };
		AA000002029 /* ConnectivityManager.swift */ = {isa = PBXFileReference; lastKnownFileType = sourcecode.swift; path = ConnectivityManager.swift; sourceTree = "<group>"; };
		AA000002030 /* PrivacyPolicyView.swift */ = {isa = PBXFileReference; lastKnownFileType = sourcecode.swift; path = PrivacyPolicyView.swift; sourceTree = "<group>"; };
		AA000002031 /* WatchedTermsView.swift */ = {isa = PBXFileReference; lastKnownFileType = sourcecode.swift; path = WatchedTermsView.swift; sourceTree = "<group>"; };
		AA000003001 /* JTFNews.app */ = {isa = PBXFileReference; explicitFileType = wrapper.application; includeInIndex = 0; path = JTFNews.app; sourceTree = BUILT_PRODUCTS_DIR; };
/* End PBXFileReference section */

/* Begin PBXFrameworksBuildPhase section */
		AA000004001 /* Frameworks */ = {
			isa = PBXFrameworksBuildPhase;
			buildActionMask = 2147483647;
			files = (
			);
			runOnlyForDeploymentPostprocessing = 0;
		};
/* End PBXFrameworksBuildPhase section */

/* Begin PBXGroup section */
		AA000005001 /* Root */ = {
			isa = PBXGroup;
			children = (
				AA000005002 /* JTFNews */,
				AA000005009 /* Products */,
			);
			sourceTree = "<group>";
		};
		AA000005002 /* JTFNews */ = {
			isa = PBXGroup;
			children = (
				AA000005003 /* App */,
				AA000005004 /* Models */,
				AA000005005 /* Services */,
				AA000005006 /* Views */,
				AA000005010 /* Utilities */,
				AA000002011 /* Assets.xcassets */,
			);
			path = JTFNews;
			sourceTree = "<group>";
		};
		AA000005003 /* App */ = {
			isa = PBXGroup;
			children = (
				AA000002001 /* JTFNewsApp.swift */,
				AA000002002 /* ContentView.swift */,
			);
			path = App;
			sourceTree = "<group>";
		};
		AA000005004 /* Models */ = {
			isa = PBXGroup;
			children = (
				AA000002006 /* Story.swift */,
				AA000002007 /* Source.swift */,
				AA000002008 /* Correction.swift */,
				AA000002009 /* Channel.swift */,
				AA000002010 /* ArchivedDay.swift */,
			);
			path = Models;
			sourceTree = "<group>";
		};
		AA000005005 /* Services */ = {
			isa = PBXGroup;
			children = (
				AA000002012 /* DataService.swift */,
				AA000002013 /* FeedService.swift */,
				AA000002015 /* PodcastService.swift */,
				AA000002018 /* AudioManager.swift */,
				AA000002020 /* ArchiveService.swift */,
				AA000002023 /* SearchIndexer.swift */,
				AA000002027 /* BackgroundRefreshManager.swift */,
				AA000002028 /* NotificationManager.swift */,
				AA000002029 /* ConnectivityManager.swift */,
			);
			path = Services;
			sourceTree = "<group>";
		};
		AA000005006 /* Views */ = {
			isa = PBXGroup;
			children = (
				AA000005007 /* Stories */,
				AA000005008 /* Digest */,
				AA000005011 /* Archive */,
				AA000005012 /* Settings */,
			);
			path = Views;
			sourceTree = "<group>";
		};
		AA000005007 /* Stories */ = {
			isa = PBXGroup;
			children = (
				AA000002003 /* StoriesView.swift */,
				AA000002014 /* StoryCard.swift */,
			);
			path = Stories;
			sourceTree = "<group>";
		};
		AA000005008 /* Digest */ = {
			isa = PBXGroup;
			children = (
				AA000002004 /* DigestView.swift */,
				AA000002016 /* YouTubePlayerView.swift */,
				AA000002017 /* AudioPlayerView.swift */,
				AA000002019 /* MiniPlayerView.swift */,
			);
			path = Digest;
			sourceTree = "<group>";
		};
		AA000005009 /* Products */ = {
			isa = PBXGroup;
			children = (
				AA000003001 /* JTFNews.app */,
			);
			name = Products;
			sourceTree = "<group>";
		};
		AA000005010 /* Utilities */ = {
			isa = PBXGroup;
			children = (
				AA000002022 /* GzipUtility.swift */,
			);
			path = Utilities;
			sourceTree = "<group>";
		};
		AA000005011 /* Archive */ = {
			isa = PBXGroup;
			children = (
				AA000002005 /* ArchiveView.swift */,
				AA000002021 /* ArchivedDayView.swift */,
				AA000002024 /* ArchiveSearchView.swift */,
			);
			path = Archive;
			sourceTree = "<group>";
		};
		AA000005012 /* Settings */ = {
			isa = PBXGroup;
			children = (
				AA000002025 /* SettingsView.swift */,
				AA000002026 /* SourceDetailView.swift */,
				AA000002030 /* PrivacyPolicyView.swift */,
				AA000002031 /* WatchedTermsView.swift */,
			);
			path = Settings;
			sourceTree = "<group>";
		};
/* End PBXGroup section */

/* Begin PBXNativeTarget section */
		AA000006001 /* JTFNews */ = {
			isa = PBXNativeTarget;
			buildConfigurationList = AA000008003 /* Build configuration list for PBXNativeTarget "JTFNews" */;
			buildPhases = (
				AA000007001 /* Sources */,
				AA000004001 /* Frameworks */,
				AA000007002 /* Resources */,
			);
			buildRules = (
			);
			dependencies = (
			);
			name = JTFNews;
			productName = JTFNews;
			productReference = AA000003001 /* JTFNews.app */;
			productType = "com.apple.product-type.application";
		};
/* End PBXNativeTarget section */

/* Begin PBXProject section */
		AA000009001 /* Project object */ = {
			isa = PBXProject;
			attributes = {
				BuildIndependentTargetsInParallel = 1;
				LastSwiftUpdateCheck = 1600;
				LastUpgradeCheck = 1600;
				TargetAttributes = {
					AA000006001 = {
						CreatedOnToolsVersion = 16.0;
					};
				};
			};
			buildConfigurationList = AA000008001 /* Build configuration list for PBXProject "JTFNews" */;
			compatibilityVersion = "Xcode 14.0";
			developmentRegion = en;
			hasScannedForEncodings = 0;
			knownRegions = (
				en,
				Base,
			);
			mainGroup = AA000005001 /* Root */;
			productRefGroup = AA000005009 /* Products */;
			projectDirPath = "";
			projectRoot = "";
			targets = (
				AA000006001 /* JTFNews */,
			);
		};
/* End PBXProject section */

/* Begin PBXResourcesBuildPhase section */
		AA000007002 /* Resources */ = {
			isa = PBXResourcesBuildPhase;
			buildActionMask = 2147483647;
			files = (
				AA000001011 /* Assets.xcassets in Resources */,
			);
			runOnlyForDeploymentPostprocessing = 0;
		};
/* End PBXResourcesBuildPhase section */

/* Begin PBXSourcesBuildPhase section */
		AA000007001 /* Sources */ = {
			isa = PBXSourcesBuildPhase;
			buildActionMask = 2147483647;
			files = (
				AA000001001 /* JTFNewsApp.swift in Sources */,
				AA000001002 /* ContentView.swift in Sources */,
				AA000001003 /* StoriesView.swift in Sources */,
				AA000001004 /* DigestView.swift in Sources */,
				AA000001005 /* ArchiveView.swift in Sources */,
				AA000001006 /* Story.swift in Sources */,
				AA000001007 /* Source.swift in Sources */,
				AA000001008 /* Correction.swift in Sources */,
				AA000001009 /* Channel.swift in Sources */,
				AA000001010 /* ArchivedDay.swift in Sources */,
				AA000001012 /* DataService.swift in Sources */,
				AA000001013 /* FeedService.swift in Sources */,
				AA000001014 /* StoryCard.swift in Sources */,
				AA000001015 /* PodcastService.swift in Sources */,
				AA000001016 /* YouTubePlayerView.swift in Sources */,
				AA000001017 /* AudioPlayerView.swift in Sources */,
				AA000001018 /* AudioManager.swift in Sources */,
				AA000001019 /* MiniPlayerView.swift in Sources */,
				AA000001020 /* ArchiveService.swift in Sources */,
				AA000001021 /* ArchivedDayView.swift in Sources */,
				AA000001022 /* GzipUtility.swift in Sources */,
				AA000001023 /* SearchIndexer.swift in Sources */,
				AA000001024 /* ArchiveSearchView.swift in Sources */,
				AA000001025 /* SettingsView.swift in Sources */,
				AA000001026 /* SourceDetailView.swift in Sources */,
				AA000001027 /* BackgroundRefreshManager.swift in Sources */,
				AA000001028 /* NotificationManager.swift in Sources */,
				AA000001029 /* ConnectivityManager.swift in Sources */,
				AA000001030 /* PrivacyPolicyView.swift in Sources */,
				AA000001031 /* WatchedTermsView.swift in Sources */,
			);
			runOnlyForDeploymentPostprocessing = 0;
		};
/* End PBXSourcesBuildPhase section */

/* Begin XCBuildConfiguration section */
		AA00000A001 /* Debug */ = {
			isa = XCBuildConfiguration;
			buildSettings = {
				ALWAYS_SEARCH_USER_PATHS = NO;
				ASSETCATALOG_COMPILER_GENERATE_SWIFT_ASSET_SYMBOL_EXTENSIONS = YES;
				CLANG_ANALYZER_NONNULL = YES;
				CLANG_ANALYZER_NUMBER_OBJECT_CONVERSION = YES_AGGRESSIVE;
				CLANG_CXX_LANGUAGE_STANDARD = "gnu++20";
				CLANG_ENABLE_MODULES = YES;
				CLANG_ENABLE_OBJC_ARC = YES;
				CLANG_ENABLE_OBJC_WEAK = YES;
				CLANG_WARN_BLOCK_CAPTURE_AUTORELEASING = YES;
				CLANG_WARN_BOOL_CONVERSION = YES;
				CLANG_WARN_COMMA = YES;
				CLANG_WARN_CONSTANT_CONVERSION = YES;
				CLANG_WARN_DEPRECATED_OBJC_IMPLEMENTATIONS = YES;
				CLANG_WARN_DIRECT_OBJC_ISA_USAGE = YES_ERROR;
				CLANG_WARN_DOCUMENTATION_COMMENTS = YES;
				CLANG_WARN_EMPTY_BODY = YES;
				CLANG_WARN_ENUM_CONVERSION = YES;
				CLANG_WARN_INFINITE_RECURSION = YES;
				CLANG_WARN_INT_CONVERSION = YES;
				CLANG_WARN_NON_LITERAL_NULL_CONVERSION = YES;
				CLANG_WARN_OBJC_IMPLICIT_RETAIN_SELF = YES;
				CLANG_WARN_OBJC_LITERAL_CONVERSION = YES;
				CLANG_WARN_OBJC_ROOT_CLASS = YES_ERROR;
				CLANG_WARN_QUOTED_INCLUDE_IN_FRAMEWORK_HEADER = YES;
				CLANG_WARN_RANGE_LOOP_ANALYSIS = YES;
				CLANG_WARN_STRICT_PROTOTYPES = YES;
				CLANG_WARN_SUSPICIOUS_MOVE = YES;
				CLANG_WARN_UNGUARDED_AVAILABILITY = YES_AGGRESSIVE;
				CLANG_WARN_UNREACHABLE_CODE = YES;
				CLANG_WARN__DUPLICATE_METHOD_MATCH = YES;
				COPY_PHASE_STRIP = NO;
				DEBUG_INFORMATION_FORMAT = dwarf;
				ENABLE_STRICT_OBJC_MSGSEND = YES;
				ENABLE_TESTABILITY = YES;
				ENABLE_USER_SCRIPT_SANDBOXING = YES;
				GCC_C_LANGUAGE_STANDARD = gnu17;
				GCC_DYNAMIC_NO_PIC = NO;
				GCC_NO_COMMON_BLOCKS = YES;
				GCC_OPTIMIZATION_LEVEL = 0;
				GCC_PREPROCESSOR_DEFINITIONS = (
					"DEBUG=1",
					"$(inherited)",
				);
				GCC_WARN_64_TO_32_BIT_CONVERSION = YES;
				GCC_WARN_ABOUT_RETURN_TYPE = YES_ERROR;
				GCC_WARN_UNDECLARED_SELECTOR = YES;
				GCC_WARN_UNINITIALIZED_AUTOS = YES_AGGRESSIVE;
				GCC_WARN_UNUSED_FUNCTION = YES;
				GCC_WARN_UNUSED_VARIABLE = YES;
				IPHONEOS_DEPLOYMENT_TARGET = 17.0;
				MACOSX_DEPLOYMENT_TARGET = 14.0;
				MTL_ENABLE_DEBUG_INFO = INCLUDE_SOURCE;
				MTL_FAST_MATH = YES;
				ONLY_ACTIVE_ARCH = YES;
				SDKROOT = auto;
				SUPPORTED_PLATFORMS = "iphoneos iphonesimulator macosx";
				SWIFT_ACTIVE_COMPILATION_CONDITIONS = "DEBUG $(inherited)";
				SWIFT_OPTIMIZATION_LEVEL = "-Onone";
				SWIFT_STRICT_CONCURRENCY = complete;
				SWIFT_VERSION = 6.0;
			};
			name = Debug;
		};
		AA00000A002 /* Release */ = {
			isa = XCBuildConfiguration;
			buildSettings = {
				ALWAYS_SEARCH_USER_PATHS = NO;
				ASSETCATALOG_COMPILER_GENERATE_SWIFT_ASSET_SYMBOL_EXTENSIONS = YES;
				CLANG_ANALYZER_NONNULL = YES;
				CLANG_ANALYZER_NUMBER_OBJECT_CONVERSION = YES_AGGRESSIVE;
				CLANG_CXX_LANGUAGE_STANDARD = "gnu++20";
				CLANG_ENABLE_MODULES = YES;
				CLANG_ENABLE_OBJC_ARC = YES;
				CLANG_ENABLE_OBJC_WEAK = YES;
				CLANG_WARN_BLOCK_CAPTURE_AUTORELEASING = YES;
				CLANG_WARN_BOOL_CONVERSION = YES;
				CLANG_WARN_COMMA = YES;
				CLANG_WARN_CONSTANT_CONVERSION = YES;
				CLANG_WARN_DEPRECATED_OBJC_IMPLEMENTATIONS = YES;
				CLANG_WARN_DIRECT_OBJC_ISA_USAGE = YES_ERROR;
				CLANG_WARN_DOCUMENTATION_COMMENTS = YES;
				CLANG_WARN_EMPTY_BODY = YES;
				CLANG_WARN_ENUM_CONVERSION = YES;
				CLANG_WARN_INFINITE_RECURSION = YES;
				CLANG_WARN_INT_CONVERSION = YES;
				CLANG_WARN_NON_LITERAL_NULL_CONVERSION = YES;
				CLANG_WARN_OBJC_IMPLICIT_RETAIN_SELF = YES;
				CLANG_WARN_OBJC_LITERAL_CONVERSION = YES;
				CLANG_WARN_OBJC_ROOT_CLASS = YES_ERROR;
				CLANG_WARN_QUOTED_INCLUDE_IN_FRAMEWORK_HEADER = YES;
				CLANG_WARN_RANGE_LOOP_ANALYSIS = YES;
				CLANG_WARN_STRICT_PROTOTYPES = YES;
				CLANG_WARN_SUSPICIOUS_MOVE = YES;
				CLANG_WARN_UNGUARDED_AVAILABILITY = YES_AGGRESSIVE;
				CLANG_WARN_UNREACHABLE_CODE = YES;
				CLANG_WARN__DUPLICATE_METHOD_MATCH = YES;
				COPY_PHASE_STRIP = NO;
				DEBUG_INFORMATION_FORMAT = "dwarf-with-dsym";
				ENABLE_NS_ASSERTIONS = NO;
				ENABLE_STRICT_OBJC_MSGSEND = YES;
				ENABLE_USER_SCRIPT_SANDBOXING = YES;
				GCC_C_LANGUAGE_STANDARD = gnu17;
				GCC_NO_COMMON_BLOCKS = YES;
				GCC_WARN_64_TO_32_BIT_CONVERSION = YES;
				GCC_WARN_ABOUT_RETURN_TYPE = YES_ERROR;
				GCC_WARN_UNDECLARED_SELECTOR = YES;
				GCC_WARN_UNINITIALIZED_AUTOS = YES_AGGRESSIVE;
				GCC_WARN_UNUSED_FUNCTION = YES;
				GCC_WARN_UNUSED_VARIABLE = YES;
				IPHONEOS_DEPLOYMENT_TARGET = 17.0;
				MACOSX_DEPLOYMENT_TARGET = 14.0;
				MTL_ENABLE_DEBUG_INFO = NO;
				MTL_FAST_MATH = YES;
				SDKROOT = auto;
				SUPPORTED_PLATFORMS = "iphoneos iphonesimulator macosx";
				SWIFT_COMPILATION_MODE = wholemodule;
				SWIFT_STRICT_CONCURRENCY = complete;
				SWIFT_VERSION = 6.0;
				VALIDATE_PRODUCT = YES;
			};
			name = Release;
		};
		AA00000A003 /* Debug */ = {
			isa = XCBuildConfiguration;
			buildSettings = {
				ASSETCATALOG_COMPILER_APPICON_NAME = AppIcon;
				ASSETCATALOG_COMPILER_GLOBAL_ACCENT_COLOR_NAME = AccentColor;
				CODE_SIGN_STYLE = Automatic;
				CURRENT_PROJECT_VERSION = 1;
				DEVELOPMENT_TEAM = NM84277DEZ;
				ENABLE_PREVIEWS = YES;
				GENERATE_INFOPLIST_FILE = YES;
				INFOPLIST_KEY_BGTaskSchedulerPermittedIdentifiers = "$(PRODUCT_BUNDLE_IDENTIFIER).refresh";
				INFOPLIST_KEY_CFBundleDisplayName = "JTF News";
				INFOPLIST_KEY_UIApplicationSceneManifest_Generation = YES;
				INFOPLIST_KEY_UIApplicationSupportsIndirectInputEvents = YES;
				INFOPLIST_KEY_UIBackgroundModes = fetch;
				INFOPLIST_KEY_UILaunchScreen_Generation = YES;
				INFOPLIST_KEY_UISupportedInterfaceOrientations_iPad = "UIInterfaceOrientationPortrait UIInterfaceOrientationPortraitUpsideDown UIInterfaceOrientationLandscapeLeft UIInterfaceOrientationLandscapeRight";
				INFOPLIST_KEY_UISupportedInterfaceOrientations_iPhone = "UIInterfaceOrientationPortrait UIInterfaceOrientationLandscapeLeft UIInterfaceOrientationLandscapeRight";
				"LD_RUNPATH_SEARCH_PATHS[sdk=iphoneos*]" = (
					"$(inherited)",
					"@executable_path/Frameworks",
				);
				"LD_RUNPATH_SEARCH_PATHS[sdk=iphonesimulator*]" = (
					"$(inherited)",
					"@executable_path/Frameworks",
				);
				"LD_RUNPATH_SEARCH_PATHS[sdk=macosx*]" = (
					"$(inherited)",
					"@executable_path/../Frameworks",
				);
				MARKETING_VERSION = 1.0;
				PRODUCT_BUNDLE_IDENTIFIER = org.jtfnews.app;
				PRODUCT_NAME = "$(TARGET_NAME)";
				SUPPORTS_MACCATALYST = NO;
				SUPPORTS_MAC_DESIGNED_FOR_IPHONE_IPAD = NO;
				SWIFT_EMIT_LOC_STRINGS = YES;
				TARGETED_DEVICE_FAMILY = "1,2";
			};
			name = Debug;
		};
		AA00000A004 /* Release */ = {
			isa = XCBuildConfiguration;
			buildSettings = {
				ASSETCATALOG_COMPILER_APPICON_NAME = AppIcon;
				ASSETCATALOG_COMPILER_GLOBAL_ACCENT_COLOR_NAME = AccentColor;
				CODE_SIGN_STYLE = Automatic;
				CURRENT_PROJECT_VERSION = 1;
				DEVELOPMENT_TEAM = NM84277DEZ;
				ENABLE_PREVIEWS = YES;
				GENERATE_INFOPLIST_FILE = YES;
				INFOPLIST_KEY_BGTaskSchedulerPermittedIdentifiers = "$(PRODUCT_BUNDLE_IDENTIFIER).refresh";
				INFOPLIST_KEY_CFBundleDisplayName = "JTF News";
				INFOPLIST_KEY_UIApplicationSceneManifest_Generation = YES;
				INFOPLIST_KEY_UIApplicationSupportsIndirectInputEvents = YES;
				INFOPLIST_KEY_UIBackgroundModes = fetch;
				INFOPLIST_KEY_UILaunchScreen_Generation = YES;
				INFOPLIST_KEY_UISupportedInterfaceOrientations_iPad = "UIInterfaceOrientationPortrait UIInterfaceOrientationPortraitUpsideDown UIInterfaceOrientationLandscapeLeft UIInterfaceOrientationLandscapeRight";
				INFOPLIST_KEY_UISupportedInterfaceOrientations_iPhone = "UIInterfaceOrientationPortrait UIInterfaceOrientationLandscapeLeft UIInterfaceOrientationLandscapeRight";
				"LD_RUNPATH_SEARCH_PATHS[sdk=iphoneos*]" = (
					"$(inherited)",
					"@executable_path/Frameworks",
				);
				"LD_RUNPATH_SEARCH_PATHS[sdk=iphonesimulator*]" = (
					"$(inherited)",
					"@executable_path/Frameworks",
				);
				"LD_RUNPATH_SEARCH_PATHS[sdk=macosx*]" = (
					"$(inherited)",
					"@executable_path/../Frameworks",
				);
				MARKETING_VERSION = 1.0;
				PRODUCT_BUNDLE_IDENTIFIER = org.jtfnews.app;
				PRODUCT_NAME = "$(TARGET_NAME)";
				SUPPORTS_MACCATALYST = NO;
				SUPPORTS_MAC_DESIGNED_FOR_IPHONE_IPAD = NO;
				SWIFT_EMIT_LOC_STRINGS = YES;
				TARGETED_DEVICE_FAMILY = "1,2";
			};
			name = Release;
		};
/* End XCBuildConfiguration section */

/* Begin XCConfigurationList section */
		AA000008001 /* Build configuration list for PBXProject "JTFNews" */ = {
			isa = XCConfigurationList;
			buildConfigurations = (
				AA00000A001 /* Debug */,
				AA00000A002 /* Release */,
			);
			defaultConfigurationIsVisible = 0;
			defaultConfigurationName = Release;
		};
		AA000008003 /* Build configuration list for PBXNativeTarget "JTFNews" */ = {
			isa = XCConfigurationList;
			buildConfigurations = (
				AA00000A003 /* Debug */,
				AA00000A004 /* Release */,
			);
			defaultConfigurationIsVisible = 0;
			defaultConfigurationName = Release;
		};
/* End XCConfigurationList section */

	};
	rootObject = AA000009001 /* Project object */;
}
